
Microsoft Visual Studio Solution File, Format Version 12.00
# Visual Studio Version 16
VisualStudioVersion = 16.0.30907.101
MinimumVisualStudioVersion = 10.0.40219.1
Project("{9A19103F-16F7-4668-BE54-9A1E7A4F7556}") = "Entities", "Entities\Entities.csproj", "{E7E15035-959A-4258-BA86-E7310F3F7F79}"
EndProject
Project("{9A19103F-16F7-4668-BE54-9A1E7A4F7556}") = "Business", "Business\Business.csproj", "{EF68BE38-AD57-4467-822E-2253D653B943}"
EndProject
Project("{9A19103F-16F7-4668-BE54-9A1E7A4F7556}") = "DataAccess", "DataAccess\DataAccess.csproj", "{3C8D8D4A-D7C6-47F6-8505-E54C247C866C}"
EndProject
Project("{9A19103F-16F7-4668-BE54-9A1E7A4F7556}") = "ConsoleUI", "ConsoleUI\ConsoleUI.csproj", "{C0ED7916-150B-4CF8-90D2-B468A58D311F}"
EndProject
Project("{9A19103F-16F7-4668-BE54-9A1E7A4F7556}") = "Core", "Core\Core.csproj", "{104FD3D6-A0CF-40D4-B147-CAA6E7FD5808}"
EndProject
Project("{FAE04EC0-301F-11D3-BF4B-00C04F79EFBC}") = "WebAPI", "WebAPI\WebAPI.csproj", "{7F94F671-9D89-44EB-978C-DEB8C2F2C80E}"
EndProject
Global
	GlobalSection(SolutionConfigurationPlatforms) = preSolution
		Debug|Any CPU = Debug|Any CPU
		Release|Any CPU = Release|Any CPU
	EndGlobalSection
	GlobalSection(ProjectConfigurationPlatforms) = postSolution
		{E7E15035-959A-4258-BA86-E7310F3F7F79}.Debug|Any CPU.ActiveCfg = Debug|Any CPU
		{E7E15035-959A-4258-BA86-E7310F3F7F79}.Debug|Any CPU.Build.0 = Debug|Any CPU
		{E7E15035-959A-4258-BA86-E7310F3F7F79}.Release|Any CPU.ActiveCfg = Release|Any CPU
		{E7E15035-959A-4258-BA86-E7310F3F7F79}.Release|Any CPU.Build.0 = Release|Any CPU
		{EF68BE38-AD57-4467-822E-2253D653B943}.Debug|Any CPU.ActiveCfg = Debug|Any CPU
		{EF68BE38-AD57-4467-822E-2253D653B943}.Debug|Any CPU.Build.0 = Debug|Any CPU
		{EF68BE38-AD57-4467-822E-2253D653B943}.Release|Any CPU.ActiveCfg = Release|Any CPU
		{EF68BE38-AD57-4467-822E-2253D653B943}.Release|Any CPU.Build.0 = Release|Any CPU
		{3C8D8D4A-D7C6-47F6-8505-E54C247C866C}.Debug|Any CPU.ActiveCfg = Debug|Any CPU
		{3C8D8D4A-D7C6-47F6-8505-E54C247C866C}.Debug|Any CPU.Build.0 = Debug|Any CPU
		{3C8D8D4A-D7C6-47F6-8505-E54C247C866C}.Release|Any CPU.ActiveCfg = Release|Any CPU
		{3C8D8D4A-D7C6-47F6-8505-E54C247C866C}.Release|Any CPU.Build.0 = Release|Any CPU
		{C0ED7916-150B-4CF8-90D2-B468A58D311F}.Debug|Any CPU.ActiveCfg = Debug|Any CPU
		{C0ED7916-150B-4CF8-90D2-B468A58D311F}.Debug|Any CPU.Build.0 = Debug|Any CPU
		{C0ED7916-150B-4CF8-90D2-B468A58D311F}.Release|Any CPU.ActiveCfg = Release|Any CPU
		{C0ED7916-150B-4CF8-90D2-B468A58D311F}.Release|Any CPU.Build.0 = Release|Any CPU
		{104FD3D6-A0CF-40D4-B147-CAA6E7FD5808}.Debug|Any CPU.ActiveCfg = Debug|Any CPU
		{104FD3D6-A0CF-40D4-B147-CAA6E7FD5808}.Debug|Any CPU.Build.0 = Debug|Any CPU
		{104FD3D6-A0CF-40D4-B147-CAA6E7FD5808}.Release|Any CPU.ActiveCfg = Release|Any CPU
		{104FD3D6-A0CF-40D4-B147-CAA6E7FD5808}.Release|Any CPU.Build.0 = Release|Any CPU
		{7F94F671-9D89-44EB-978C-DEB8C2F2C80E}.Debug|Any CPU.ActiveCfg = Debug|Any CPU
		{7F94F671-9D89-44EB-978C-DEB8C2F2C80E}.Debug|Any CPU.Build.0 = Debug|Any CPU
		{7F94F671-9D89-44EB-978C-DEB8C2F2C80E}.Release|Any CPU.ActiveCfg = Release|Any CPU
		{7F94F671-9D89-44EB-978C-DEB8C2F2C80E}.Release|Any CPU.Build.0 = Release|Any CPU
	EndGlobalSection
	GlobalSection(SolutionProperties) = preSolution
		HideSolutionNode = FALSE
	EndGlobalSection
	GlobalSection(ExtensibilityGlobals) = postSolution
		SolutionGuid = {535BFBC9-7151-4C05-A97C-68CBDA27ED13}
	EndGlobalSection
EndGlobal
